
Microsoft Visual Studio Solution File, Format Version 12.00
# Visual Studio Version 17
VisualStudioVersion = 17.0.31903.59
MinimumVisualStudioVersion = 10.0.40219.1
Project("{2150E333-8FDC-42A3-9474-1A3956D46DE8}") = "src", "src", "{5240E134-D24C-4BD3-B32F-0C29EF4E6CA4}"
EndProject
Project("{FAE04EC0-301F-11D3-BF4B-00C04F79EFBC}") = "Web", "src\Web\Web.csproj", "{BC765CAA-81A9-4925-8812-4136D998D0E2}"
EndProject
Project("{FAE04EC0-301F-11D3-BF4B-00C04F79EFBC}") = "Domain", "src\Domain\Domain.csproj", "{04F7F7FA-516C-459D-85A6-850D8F576849}"
EndProject
Project("{FAE04EC0-301F-11D3-BF4B-00C04F79EFBC}") = "Application", "src\Application\Application.csproj", "{547416B2-8A4D-475C-9E17-AEF4E5A24542}"
EndProject
Project("{FAE04EC0-301F-11D3-BF4B-00C04F79EFBC}") = "Infrastructure", "src\Infrastructure\Infrastructure.csproj", "{EB1EA7C7-88D9-485E-B778-28038282425F}"
EndProject
Project("{FAE04EC0-301F-11D3-BF4B-00C04F79EFBC}") = "AppHost", "src\AppHost\AppHost.csproj", "{4978C70E-F83A-44B7-B43E-8EC55B75B3F7}"
EndProject
Project("{2150E333-8FDC-42A3-9474-1A3956D46DE8}") = "tests", "tests", "{8B2AB482-76B2-4766-B1B0-1E83395D1C99}"
EndProject
Project("{FAE04EC0-301F-11D3-BF4B-00C04F79EFBC}") = "Unit", "tests\Unit\Unit.csproj", "{C35D6FC7-9A40-4A9C-ABC3-9513A938D5E5}"
EndProject
Project("{FAE04EC0-301F-11D3-BF4B-00C04F79EFBC}") = "Integration", "tests\Integration\Integration.csproj", "{83E3D55C-47A6-4EB2-A1CF-1F33F4F2475F}"
EndProject
Global
	GlobalSection(SolutionConfigurationPlatforms) = preSolution
		Debug|Any CPU = Debug|Any CPU
		Release|Any CPU = Release|Any CPU
	EndGlobalSection
	GlobalSection(SolutionProperties) = preSolution
		HideSolutionNode = FALSE
	EndGlobalSection
	GlobalSection(ProjectConfigurationPlatforms) = postSolution
		{BC765CAA-81A9-4925-8812-4136D998D0E2}.Debug|Any CPU.ActiveCfg = Debug|Any CPU
		{BC765CAA-81A9-4925-8812-4136D998D0E2}.Debug|Any CPU.Build.0 = Debug|Any CPU
		{BC765CAA-81A9-4925-8812-4136D998D0E2}.Release|Any CPU.ActiveCfg = Release|Any CPU
		{BC765CAA-81A9-4925-8812-4136D998D0E2}.Release|Any CPU.Build.0 = Release|Any CPU
		{04F7F7FA-516C-459D-85A6-850D8F576849}.Debug|Any CPU.ActiveCfg = Debug|Any CPU
		{04F7F7FA-516C-459D-85A6-850D8F576849}.Debug|Any CPU.Build.0 = Debug|Any CPU
		{04F7F7FA-516C-459D-85A6-850D8F576849}.Release|Any CPU.ActiveCfg = Release|Any CPU
		{04F7F7FA-516C-459D-85A6-850D8F576849}.Release|Any CPU.Build.0 = Release|Any CPU
		{547416B2-8A4D-475C-9E17-AEF4E5A24542}.Debug|Any CPU.ActiveCfg = Debug|Any CPU
		{547416B2-8A4D-475C-9E17-AEF4E5A24542}.Debug|Any CPU.Build.0 = Debug|Any CPU
		{547416B2-8A4D-475C-9E17-AEF4E5A24542}.Release|Any CPU.ActiveCfg = Release|Any CPU
		{547416B2-8A4D-475C-9E17-AEF4E5A24542}.Release|Any CPU.Build.0 = Release|Any CPU
		{EB1EA7C7-88D9-485E-B778-28038282425F}.Debug|Any CPU.ActiveCfg = Debug|Any CPU
		{EB1EA7C7-88D9-485E-B778-28038282425F}.Debug|Any CPU.Build.0 = Debug|Any CPU
		{EB1EA7C7-88D9-485E-B778-28038282425F}.Release|Any CPU.ActiveCfg = Release|Any CPU
		{EB1EA7C7-88D9-485E-B778-28038282425F}.Release|Any CPU.Build.0 = Release|Any CPU
		{4978C70E-F83A-44B7-B43E-8EC55B75B3F7}.Debug|Any CPU.ActiveCfg = Debug|Any CPU
		{4978C70E-F83A-44B7-B43E-8EC55B75B3F7}.Debug|Any CPU.Build.0 = Debug|Any CPU
		{4978C70E-F83A-44B7-B43E-8EC55B75B3F7}.Release|Any CPU.ActiveCfg = Release|Any CPU
		{4978C70E-F83A-44B7-B43E-8EC55B75B3F7}.Release|Any CPU.Build.0 = Release|Any CPU
		{C35D6FC7-9A40-4A9C-ABC3-9513A938D5E5}.Debug|Any CPU.ActiveCfg = Debug|Any CPU
		{C35D6FC7-9A40-4A9C-ABC3-9513A938D5E5}.Debug|Any CPU.Build.0 = Debug|Any CPU
		{C35D6FC7-9A40-4A9C-ABC3-9513A938D5E5}.Release|Any CPU.ActiveCfg = Release|Any CPU
		{C35D6FC7-9A40-4A9C-ABC3-9513A938D5E5}.Release|Any CPU.Build.0 = Release|Any CPU
		{83E3D55C-47A6-4EB2-A1CF-1F33F4F2475F}.Debug|Any CPU.ActiveCfg = Debug|Any CPU
		{83E3D55C-47A6-4EB2-A1CF-1F33F4F2475F}.Debug|Any CPU.Build.0 = Debug|Any CPU
		{83E3D55C-47A6-4EB2-A1CF-1F33F4F2475F}.Release|Any CPU.ActiveCfg = Release|Any CPU
		{83E3D55C-47A6-4EB2-A1CF-1F33F4F2475F}.Release|Any CPU.Build.0 = Release|Any CPU
	EndGlobalSection
	GlobalSection(NestedProjects) = preSolution
		{BC765CAA-81A9-4925-8812-4136D998D0E2} = {5240E134-D24C-4BD3-B32F-0C29EF4E6CA4}
		{04F7F7FA-516C-459D-85A6-850D8F576849} = {5240E134-D24C-4BD3-B32F-0C29EF4E6CA4}
		{547416B2-8A4D-475C-9E17-AEF4E5A24542} = {5240E134-D24C-4BD3-B32F-0C29EF4E6CA4}
		{EB1EA7C7-88D9-485E-B778-28038282425F} = {5240E134-D24C-4BD3-B32F-0C29EF4E6CA4}
		{4978C70E-F83A-44B7-B43E-8EC55B75B3F7} = {5240E134-D24C-4BD3-B32F-0C29EF4E6CA4}
		{C35D6FC7-9A40-4A9C-ABC3-9513A938D5E5} = {8B2AB482-76B2-4766-B1B0-1E83395D1C99}
		{83E3D55C-47A6-4EB2-A1CF-1F33F4F2475F} = {8B2AB482-76B2-4766-B1B0-1E83395D1C99}
	EndGlobalSection
EndGlobal
